
Microsoft Visual Studio Solution File, Format Version 12.00
# Visual Studio Version 17
VisualStudioVersion = 17.5.002.0
MinimumVisualStudioVersion = 10.0.40219.1
Project("{9A19103F-16F7-4668-BE54-9A1E7A4F7556}") = "BracketMatcher", "BracketMatcher\BracketMatcher.csproj", "{76A62C71-105C-4040-A516-2CE508E4AFBD}"
EndProject
Project("{9A19103F-16F7-4668-BE54-9A1E7A4F7556}") = "CodelandUsernameValidation", "CodelandUsernameValidation\CodelandUsernameValidation.csproj", "{BA96AF89-13F7-4D3E-9061-6532E2FBF1BB}"
EndProject
Project("{9A19103F-16F7-4668-BE54-9A1E7A4F7556}") = "FindIntersection", "FindIntersection\FindIntersection.csproj", "{9659524B-E146-48BF-96F5-F6FBA85D80C2}"
EndProject
Project("{9A19103F-16F7-4668-BE54-9A1E7A4F7556}") = "FirstFactorial", "FirstFactorial\FirstFactorial.csproj", "{06BBF299-3963-4C1C-A6E2-8E43C42795DE}"
EndProject
Project("{9A19103F-16F7-4668-BE54-9A1E7A4F7556}") = "FirstReverse", "FirstReverse\FirstReverse.csproj", "{DCFA7BE6-D749-49FE-8030-7D921805039C}"
EndProject
Project("{9A19103F-16F7-4668-BE54-9A1E7A4F7556}") = "LongestWord", "LongestWord\LongestWord.csproj", "{C669E99F-3E5E-4272-866B-00AEBE3BB0B1}"
EndProject
Project("{9A19103F-16F7-4668-BE54-9A1E7A4F7556}") = "QuestionMarks", "QuestionMarks\QuestionMarks.csproj", "{16D9BBC1-30AE-4959-BE9D-0D67272AEA53}"
EndProject
Global
	GlobalSection(SolutionConfigurationPlatforms) = preSolution
		Debug|Any CPU = Debug|Any CPU
		Release|Any CPU = Release|Any CPU
	EndGlobalSection
	GlobalSection(ProjectConfigurationPlatforms) = postSolution
		{76A62C71-105C-4040-A516-2CE508E4AFBD}.Debug|Any CPU.ActiveCfg = Debug|Any CPU
		{76A62C71-105C-4040-A516-2CE508E4AFBD}.Debug|Any CPU.Build.0 = Debug|Any CPU
		{76A62C71-105C-4040-A516-2CE508E4AFBD}.Release|Any CPU.ActiveCfg = Release|Any CPU
		{76A62C71-105C-4040-A516-2CE508E4AFBD}.Release|Any CPU.Build.0 = Release|Any CPU
		{BA96AF89-13F7-4D3E-9061-6532E2FBF1BB}.Debug|Any CPU.ActiveCfg = Debug|Any CPU
		{BA96AF89-13F7-4D3E-9061-6532E2FBF1BB}.Debug|Any CPU.Build.0 = Debug|Any CPU
		{BA96AF89-13F7-4D3E-9061-6532E2FBF1BB}.Release|Any CPU.ActiveCfg = Release|Any CPU
		{BA96AF89-13F7-4D3E-9061-6532E2FBF1BB}.Release|Any CPU.Build.0 = Release|Any CPU
		{9659524B-E146-48BF-96F5-F6FBA85D80C2}.Debug|Any CPU.ActiveCfg = Debug|Any CPU
		{9659524B-E146-48BF-96F5-F6FBA85D80C2}.Debug|Any CPU.Build.0 = Debug|Any CPU
		{9659524B-E146-48BF-96F5-F6FBA85D80C2}.Release|Any CPU.ActiveCfg = Release|Any CPU
		{9659524B-E146-48BF-96F5-F6FBA85D80C2}.Release|Any CPU.Build.0 = Release|Any CPU
		{06BBF299-3963-4C1C-A6E2-8E43C42795DE}.Debug|Any CPU.ActiveCfg = Debug|Any CPU
		{06BBF299-3963-4C1C-A6E2-8E43C42795DE}.Debug|Any CPU.Build.0 = Debug|Any CPU
		{06BBF299-3963-4C1C-A6E2-8E43C42795DE}.Release|Any CPU.ActiveCfg = Release|Any CPU
		{06BBF299-3963-4C1C-A6E2-8E43C42795DE}.Release|Any CPU.Build.0 = Release|Any CPU
		{DCFA7BE6-D749-49FE-8030-7D921805039C}.Debug|Any CPU.ActiveCfg = Debug|Any CPU
		{DCFA7BE6-D749-49FE-8030-7D921805039C}.Debug|Any CPU.Build.0 = Debug|Any CPU
		{DCFA7BE6-D749-49FE-8030-7D921805039C}.Release|Any CPU.ActiveCfg = Release|Any CPU
		{DCFA7BE6-D749-49FE-8030-7D921805039C}.Release|Any CPU.Build.0 = Release|Any CPU
		{C669E99F-3E5E-4272-866B-00AEBE3BB0B1}.Debug|Any CPU.ActiveCfg = Debug|Any CPU
		{C669E99F-3E5E-4272-866B-00AEBE3BB0B1}.Debug|Any CPU.Build.0 = Debug|Any CPU
		{C669E99F-3E5E-4272-866B-00AEBE3BB0B1}.Release|Any CPU.ActiveCfg = Release|Any CPU
		{C669E99F-3E5E-4272-866B-00AEBE3BB0B1}.Release|Any CPU.Build.0 = Release|Any CPU
		{16D9BBC1-30AE-4959-BE9D-0D67272AEA53}.Debug|Any CPU.ActiveCfg = Debug|Any CPU
		{16D9BBC1-30AE-4959-BE9D-0D67272AEA53}.Debug|Any CPU.Build.0 = Debug|Any CPU
		{16D9BBC1-30AE-4959-BE9D-0D67272AEA53}.Release|Any CPU.ActiveCfg = Release|Any CPU
		{16D9BBC1-30AE-4959-BE9D-0D67272AEA53}.Release|Any CPU.Build.0 = Release|Any CPU
	EndGlobalSection
	GlobalSection(SolutionProperties) = preSolution
		HideSolutionNode = FALSE
	EndGlobalSection
	GlobalSection(ExtensibilityGlobals) = postSolution
		SolutionGuid = {274A0444-5A72-4D4B-A047-9C9398096299}
	EndGlobalSection
EndGlobal
